
Microsoft Visual Studio Solution File, Format Version 12.00
# Visual Studio Version 16
VisualStudioVersion = 16.0.36128.20
MinimumVisualStudioVersion = 10.0.40219.1
Project("{FAE04EC0-301F-11D3-BF4B-00C04F79EFBC}") = "tic-tac-toe", "tic-tac-toe.csproj", "{B43F33C3-AE15-4D69-B603-A7FD390A4681}"
EndProject
Global
	GlobalSection(SolutionConfigurationPlatforms) = preSolution
		Debug|Any CPU = Debug|Any CPU
		Release|Any CPU = Release|Any CPU
	EndGlobalSection
	GlobalSection(ProjectConfigurationPlatforms) = postSolution
		{B43F33C3-AE15-4D69-B603-A7FD390A4681}.Debug|Any CPU.ActiveCfg = Debug|Any CPU
		{B43F33C3-AE15-4D69-B603-A7FD390A4681}.Debug|Any CPU.Build.0 = Debug|Any CPU
		{B43F33C3-AE15-4D69-B603-A7FD390A4681}.Release|Any CPU.ActiveCfg = Release|Any CPU
		{B43F33C3-AE15-4D69-B603-A7FD390A4681}.Release|Any CPU.Build.0 = Release|Any CPU
	EndGlobalSection
	GlobalSection(SolutionProperties) = preSolution
		HideSolutionNode = FALSE
	EndGlobalSection
	GlobalSection(ExtensibilityGlobals) = postSolution
		SolutionGuid = {60AB9C45-3337-44CF-BE1C-5C7A1588EF0B}
	EndGlobalSection
EndGlobal
